
Microsoft Visual Studio Solution File, Format Version 12.00
# Visual Studio Version 17
VisualStudioVersion = 17.11.35312.102
MinimumVisualStudioVersion = 10.0.40219.1
Project("{9A19103F-16F7-4668-BE54-9A1E7A4F7556}") = "ProjectOOP", "ProjectOOP.csproj", "{239BF048-29B5-4F54-B71C-9772DB027F8E}"
EndProject
Project("{FAE04EC0-301F-11D3-BF4B-00C04F79EFBC}") = "TestProject1", "..\TestProject1\TestProject1.csproj", "{9AAA9564-5F87-4452-A88D-27208275D60C}"
EndProject
Global
	GlobalSection(SolutionConfigurationPlatforms) = preSolution
		Debug|Any CPU = Debug|Any CPU
		Release|Any CPU = Release|Any CPU
	EndGlobalSection
	GlobalSection(ProjectConfigurationPlatforms) = postSolution
		{239BF048-29B5-4F54-B71C-9772DB027F8E}.Debug|Any CPU.ActiveCfg = Debug|Any CPU
		{239BF048-29B5-4F54-B71C-9772DB027F8E}.Debug|Any CPU.Build.0 = Debug|Any CPU
		{239BF048-29B5-4F54-B71C-9772DB027F8E}.Release|Any CPU.ActiveCfg = Release|Any CPU
		{239BF048-29B5-4F54-B71C-9772DB027F8E}.Release|Any CPU.Build.0 = Release|Any CPU
		{9AAA9564-5F87-4452-A88D-27208275D60C}.Debug|Any CPU.ActiveCfg = Debug|Any CPU
		{9AAA9564-5F87-4452-A88D-27208275D60C}.Debug|Any CPU.Build.0 = Debug|Any CPU
		{9AAA9564-5F87-4452-A88D-27208275D60C}.Release|Any CPU.ActiveCfg = Release|Any CPU
		{9AAA9564-5F87-4452-A88D-27208275D60C}.Release|Any CPU.Build.0 = Release|Any CPU
	EndGlobalSection
	GlobalSection(SolutionProperties) = preSolution
		HideSolutionNode = FALSE
	EndGlobalSection
	GlobalSection(ExtensibilityGlobals) = postSolution
		SolutionGuid = {B9EF25EF-83F7-4A1E-854C-A9E85A0D70F3}
	EndGlobalSection
EndGlobal
